
Microsoft Visual Studio Solution File, Format Version 10.00
# Visual Studio 2008
Project("{8BC9CEB8-8B4A-11D0-8D11-00A0C91BC942}") = "BipedTest", "BipedTest.vcproj", "{2612CCB4-F6B0-4CEE-AC26-7E4E02DE847E}"
EndProject
Global
	GlobalSection(SolutionConfigurationPlatforms) = preSolution
		Debug|Win32 = Debug|Win32
		Release|Win32 = Release|Win32
	EndGlobalSection
	GlobalSection(ProjectConfigurationPlatforms) = postSolution
		{2612CCB4-F6B0-4CEE-AC26-7E4E02DE847E}.Debug|Win32.ActiveCfg = Debug|Win32
		{2612CCB4-F6B0-4CEE-AC26-7E4E02DE847E}.Debug|Win32.Build.0 = Debug|Win32
		{2612CCB4-F6B0-4CEE-AC26-7E4E02DE847E}.Release|Win32.ActiveCfg = Release|Win32
		{2612CCB4-F6B0-4CEE-AC26-7E4E02DE847E}.Release|Win32.Build.0 = Release|Win32
	EndGlobalSection
	GlobalSection(SolutionProperties) = preSolution
		HideSolutionNode = FALSE
	EndGlobalSection
EndGlobal
